
Microsoft Visual Studio Solution File, Format Version 11.00
# Visual Studio 2010
Project("{8BC9CEB8-8B4A-11D0-8D11-00A0C91BC942}") = "coordinate_systems", "coordinate_systems\coordinate_systems.vcxproj", "{C882C961-CD7E-40B4-8854-70727D4F777C}"
EndProject
Project("{8BC9CEB8-8B4A-11D0-8D11-00A0C91BC942}") = "camera_circle", "camera_circle\camera_circle.vcxproj", "{33630455-77C9-4B3C-926B-A392A55768C2}"
EndProject
Project("{8BC9CEB8-8B4A-11D0-8D11-00A0C91BC942}") = "lighting_colors", "lighting_colors\lighting_colors.vcxproj", "{222800D7-DA8E-4871-819D-F818384EE118}"
EndProject
Project("{8BC9CEB8-8B4A-11D0-8D11-00A0C91BC942}") = "lighting_basic_lighting", "lighting_basic_lighting\lighting_basic_lighting.vcxproj", "{FC5B3157-F498-41F4-AFF6-93AF865D8234}"
EndProject
Project("{8BC9CEB8-8B4A-11D0-8D11-00A0C91BC942}") = "lighting_materials", "lighting_materials\lighting_materials.vcxproj", "{F38D2F05-0C2D-459B-A2B7-71FBAE53E842}"
EndProject
Project("{8BC9CEB8-8B4A-11D0-8D11-00A0C91BC942}") = "lighting_lighting_maps", "lighting_lighting_maps\lighting_lighting_maps.vcxproj", "{A4F5914B-23AD-4682-8343-5DD510693E3A}"
EndProject
Project("{8BC9CEB8-8B4A-11D0-8D11-00A0C91BC942}") = "lighting_light_casters", "lighting_light_casters\lighting_light_casters.vcxproj", "{8AA02388-47B5-4DDE-9F86-0D81672CF694}"
EndProject
Project("{8BC9CEB8-8B4A-11D0-8D11-00A0C91BC942}") = "lighting_multiple_lights", "lighting_multiple_lights\lighting_multiple_lights.vcxproj", "{6E8F066D-1BAA-49C5-B7ED-795E9D1DAE81}"
EndProject
Project("{8BC9CEB8-8B4A-11D0-8D11-00A0C91BC942}") = "model_loading_model", "model_loading_model\model_loading_model.vcxproj", "{C188783E-A7CC-46AA-862D-17A67A186FF9}"
EndProject
Global
	GlobalSection(SolutionConfigurationPlatforms) = preSolution
		Debug|Win32 = Debug|Win32
		Release|Win32 = Release|Win32
	EndGlobalSection
	GlobalSection(ProjectConfigurationPlatforms) = postSolution
		{C882C961-CD7E-40B4-8854-70727D4F777C}.Debug|Win32.ActiveCfg = Debug|Win32
		{C882C961-CD7E-40B4-8854-70727D4F777C}.Debug|Win32.Build.0 = Debug|Win32
		{C882C961-CD7E-40B4-8854-70727D4F777C}.Release|Win32.ActiveCfg = Release|Win32
		{C882C961-CD7E-40B4-8854-70727D4F777C}.Release|Win32.Build.0 = Release|Win32
		{33630455-77C9-4B3C-926B-A392A55768C2}.Debug|Win32.ActiveCfg = Debug|Win32
		{33630455-77C9-4B3C-926B-A392A55768C2}.Debug|Win32.Build.0 = Debug|Win32
		{33630455-77C9-4B3C-926B-A392A55768C2}.Release|Win32.ActiveCfg = Release|Win32
		{33630455-77C9-4B3C-926B-A392A55768C2}.Release|Win32.Build.0 = Release|Win32
		{222800D7-DA8E-4871-819D-F818384EE118}.Debug|Win32.ActiveCfg = Debug|Win32
		{222800D7-DA8E-4871-819D-F818384EE118}.Debug|Win32.Build.0 = Debug|Win32
		{222800D7-DA8E-4871-819D-F818384EE118}.Release|Win32.ActiveCfg = Release|Win32
		{222800D7-DA8E-4871-819D-F818384EE118}.Release|Win32.Build.0 = Release|Win32
		{FC5B3157-F498-41F4-AFF6-93AF865D8234}.Debug|Win32.ActiveCfg = Debug|Win32
		{FC5B3157-F498-41F4-AFF6-93AF865D8234}.Debug|Win32.Build.0 = Debug|Win32
		{FC5B3157-F498-41F4-AFF6-93AF865D8234}.Release|Win32.ActiveCfg = Release|Win32
		{FC5B3157-F498-41F4-AFF6-93AF865D8234}.Release|Win32.Build.0 = Release|Win32
		{F38D2F05-0C2D-459B-A2B7-71FBAE53E842}.Debug|Win32.ActiveCfg = Debug|Win32
		{F38D2F05-0C2D-459B-A2B7-71FBAE53E842}.Debug|Win32.Build.0 = Debug|Win32
		{F38D2F05-0C2D-459B-A2B7-71FBAE53E842}.Release|Win32.ActiveCfg = Release|Win32
		{F38D2F05-0C2D-459B-A2B7-71FBAE53E842}.Release|Win32.Build.0 = Release|Win32
		{A4F5914B-23AD-4682-8343-5DD510693E3A}.Debug|Win32.ActiveCfg = Debug|Win32
		{A4F5914B-23AD-4682-8343-5DD510693E3A}.Debug|Win32.Build.0 = Debug|Win32
		{A4F5914B-23AD-4682-8343-5DD510693E3A}.Release|Win32.ActiveCfg = Release|Win32
		{A4F5914B-23AD-4682-8343-5DD510693E3A}.Release|Win32.Build.0 = Release|Win32
		{8AA02388-47B5-4DDE-9F86-0D81672CF694}.Debug|Win32.ActiveCfg = Debug|Win32
		{8AA02388-47B5-4DDE-9F86-0D81672CF694}.Debug|Win32.Build.0 = Debug|Win32
		{8AA02388-47B5-4DDE-9F86-0D81672CF694}.Release|Win32.ActiveCfg = Release|Win32
		{8AA02388-47B5-4DDE-9F86-0D81672CF694}.Release|Win32.Build.0 = Release|Win32
		{6E8F066D-1BAA-49C5-B7ED-795E9D1DAE81}.Debug|Win32.ActiveCfg = Debug|Win32
		{6E8F066D-1BAA-49C5-B7ED-795E9D1DAE81}.Debug|Win32.Build.0 = Debug|Win32
		{6E8F066D-1BAA-49C5-B7ED-795E9D1DAE81}.Release|Win32.ActiveCfg = Release|Win32
		{6E8F066D-1BAA-49C5-B7ED-795E9D1DAE81}.Release|Win32.Build.0 = Release|Win32
		{C188783E-A7CC-46AA-862D-17A67A186FF9}.Debug|Win32.ActiveCfg = Debug|Win32
		{C188783E-A7CC-46AA-862D-17A67A186FF9}.Debug|Win32.Build.0 = Debug|Win32
		{C188783E-A7CC-46AA-862D-17A67A186FF9}.Release|Win32.ActiveCfg = Release|Win32
		{C188783E-A7CC-46AA-862D-17A67A186FF9}.Release|Win32.Build.0 = Release|Win32
	EndGlobalSection
	GlobalSection(SolutionProperties) = preSolution
		HideSolutionNode = FALSE
	EndGlobalSection
EndGlobal
