
Microsoft Visual Studio Solution File, Format Version 11.00
# Visual Studio 2010
Project("{8BC9CEB8-8B4A-11D0-8D11-00A0C91BC942}") = "coordinate_systems", "coordinate_systems\coordinate_systems.vcxproj", "{C882C961-CD7E-40B4-8854-70727D4F777C}"
EndProject
Project("{8BC9CEB8-8B4A-11D0-8D11-00A0C91BC942}") = "camera_circle", "camera_circle\camera_circle.vcxproj", "{33630455-77C9-4B3C-926B-A392A55768C2}"
EndProject
Project("{8BC9CEB8-8B4A-11D0-8D11-00A0C91BC942}") = "lighting_colors", "lighting_colors\lighting_colors.vcxproj", "{222800D7-DA8E-4871-819D-F818384EE118}"
EndProject
Project("{8BC9CEB8-8B4A-11D0-8D11-00A0C91BC942}") = "lighting_basic_lighting", "lighting_basic_lighting\lighting_basic_lighting.vcxproj", "{FC5B3157-F498-41F4-AFF6-93AF865D8234}"
EndProject
Global
	GlobalSection(SolutionConfigurationPlatforms) = preSolution
		Debug|Win32 = Debug|Win32
		Release|Win32 = Release|Win32
	EndGlobalSection
	GlobalSection(ProjectConfigurationPlatforms) = postSolution
		{C882C961-CD7E-40B4-8854-70727D4F777C}.Debug|Win32.ActiveCfg = Debug|Win32
		{C882C961-CD7E-40B4-8854-70727D4F777C}.Debug|Win32.Build.0 = Debug|Win32
		{C882C961-CD7E-40B4-8854-70727D4F777C}.Release|Win32.ActiveCfg = Release|Win32
		{C882C961-CD7E-40B4-8854-70727D4F777C}.Release|Win32.Build.0 = Release|Win32
		{33630455-77C9-4B3C-926B-A392A55768C2}.Debug|Win32.ActiveCfg = Debug|Win32
		{33630455-77C9-4B3C-926B-A392A55768C2}.Debug|Win32.Build.0 = Debug|Win32
		{33630455-77C9-4B3C-926B-A392A55768C2}.Release|Win32.ActiveCfg = Release|Win32
		{33630455-77C9-4B3C-926B-A392A55768C2}.Release|Win32.Build.0 = Release|Win32
		{222800D7-DA8E-4871-819D-F818384EE118}.Debug|Win32.ActiveCfg = Debug|Win32
		{222800D7-DA8E-4871-819D-F818384EE118}.Debug|Win32.Build.0 = Debug|Win32
		{222800D7-DA8E-4871-819D-F818384EE118}.Release|Win32.ActiveCfg = Release|Win32
		{222800D7-DA8E-4871-819D-F818384EE118}.Release|Win32.Build.0 = Release|Win32
		{FC5B3157-F498-41F4-AFF6-93AF865D8234}.Debug|Win32.ActiveCfg = Debug|Win32
		{FC5B3157-F498-41F4-AFF6-93AF865D8234}.Debug|Win32.Build.0 = Debug|Win32
		{FC5B3157-F498-41F4-AFF6-93AF865D8234}.Release|Win32.ActiveCfg = Release|Win32
		{FC5B3157-F498-41F4-AFF6-93AF865D8234}.Release|Win32.Build.0 = Release|Win32
	EndGlobalSection
	GlobalSection(SolutionProperties) = preSolution
		HideSolutionNode = FALSE
	EndGlobalSection
EndGlobal
