
Microsoft Visual Studio Solution File, Format Version 12.00
# Visual Studio Version 17
VisualStudioVersion = 17.8.34330.188
MinimumVisualStudioVersion = 10.0.40219.1
Project("{8BC9CEB8-8B4A-11D0-8D11-00A0C91BC942}") = "coordinate_systems", "coordinate_systems\coordinate_systems.vcxproj", "{C882C961-CD7E-40B4-8854-70727D4F777C}"
EndProject
Project("{8BC9CEB8-8B4A-11D0-8D11-00A0C91BC942}") = "camera_circle", "camera_circle\camera_circle.vcxproj", "{33630455-77C9-4B3C-926B-A392A55768C2}"
EndProject
Project("{8BC9CEB8-8B4A-11D0-8D11-00A0C91BC942}") = "lighting_colors", "lighting_colors\lighting_colors.vcxproj", "{222800D7-DA8E-4871-819D-F818384EE118}"
EndProject
Project("{8BC9CEB8-8B4A-11D0-8D11-00A0C91BC942}") = "lighting_basic_lighting", "lighting_basic_lighting\lighting_basic_lighting.vcxproj", "{FC5B3157-F498-41F4-AFF6-93AF865D8234}"
EndProject
Project("{8BC9CEB8-8B4A-11D0-8D11-00A0C91BC942}") = "lighting_materials", "lighting_materials\lighting_materials.vcxproj", "{F38D2F05-0C2D-459B-A2B7-71FBAE53E842}"
EndProject
Project("{8BC9CEB8-8B4A-11D0-8D11-00A0C91BC942}") = "lighting_light_casters", "lighting_light_casters\lighting_light_casters.vcxproj", "{8AA02388-47B5-4DDE-9F86-0D81672CF694}"
EndProject
Project("{8BC9CEB8-8B4A-11D0-8D11-00A0C91BC942}") = "lighting_lighting_maps", "lighting_lighting_maps\lighting_lighting_maps.vcxproj", "{A4F5914B-23AD-4682-8343-5DD510693E3A}"
EndProject
Project("{8BC9CEB8-8B4A-11D0-8D11-00A0C91BC942}") = "lighting_multiple_lights", "lighting_multiple_lights\lighting_multiple_lights.vcxproj", "{6E8F066D-1BAA-49C5-B7ED-795E9D1DAE81}"
EndProject
Project("{8BC9CEB8-8B4A-11D0-8D11-00A0C91BC942}") = "model_loading_model", "model_loading_model\model_loading_model.vcxproj", "{C188783E-A7CC-46AA-862D-17A67A186FF9}"
EndProject
Project("{8BC9CEB8-8B4A-11D0-8D11-00A0C91BC942}") = "advanced_opengl_depth_testing", "advanced_opengl_depth_testing\advanced_opengl_depth_testing.vcxproj", "{F5CB8D43-B48C-4C4D-AA18-7717738CE5BC}"
EndProject
Project("{8BC9CEB8-8B4A-11D0-8D11-00A0C91BC942}") = "advanced_opengl_stencil_testing", "advanced_opengl_stencil_testing\advanced_opengl_stencil_testing.vcxproj", "{83CF075D-C650-41B3-8784-28125D59F6E0}"
EndProject
Project("{8BC9CEB8-8B4A-11D0-8D11-00A0C91BC942}") = "advanced_opengl_blending", "advanced_opengl_blending\advanced_opengl_blending.vcxproj", "{1480D176-133F-4CA2-ADBD-EF5A009691EE}"
EndProject
Project("{8BC9CEB8-8B4A-11D0-8D11-00A0C91BC942}") = "advanced_opengl_framebuffers", "advanced_opengl_framebuffers\advanced_opengl_framebuffers.vcxproj", "{ADB807FB-160F-4E3E-900B-681BFD375D49}"
EndProject
Project("{8BC9CEB8-8B4A-11D0-8D11-00A0C91BC942}") = "advanced_opengl_cubemaps", "advanced_opengl_cubemaps\advanced_opengl_cubemaps.vcxproj", "{FC51876D-3557-4270-92F9-8B102D7B5901}"
EndProject
Project("{8BC9CEB8-8B4A-11D0-8D11-00A0C91BC942}") = "advanced_opengl_advanced_glsl", "advanced_opengl_advanced_glsl\advanced_opengl_advanced_glsl.vcxproj", "{CB9D9AFB-179A-4977-8478-6D9868D9617B}"
EndProject
Project("{8BC9CEB8-8B4A-11D0-8D11-00A0C91BC942}") = "advanced_opengl_geometry_shader", "advanced_opengl_geometry_shader\advanced_opengl_geometry_shader.vcxproj", "{D42480D9-957C-4E16-9F92-248CA89C25E1}"
EndProject
Project("{8BC9CEB8-8B4A-11D0-8D11-00A0C91BC942}") = "advanced_opengl_geometry_shader_exploding", "advanced_opengl_geometry_shader_exploding\advanced_opengl_geometry_shader_exploding.vcxproj", "{5B44A48D-2C9D-48D0-8841-974EDB9D1988}"
EndProject
Project("{8BC9CEB8-8B4A-11D0-8D11-00A0C91BC942}") = "advanced_opengl_geometry_shader_normals", "advanced_opengl_geometry_shader_normals\advanced_opengl_geometry_shader_normals.vcxproj", "{04040BF4-AB72-48DA-AE1A-D7ED402CA6BD}"
EndProject
Project("{8BC9CEB8-8B4A-11D0-8D11-00A0C91BC942}") = "advanced_opengl_instancing_quads", "advanced_opengl_instancing_quads\advanced_opengl_instancing_quads.vcxproj", "{F5D0B446-2655-45CE-89C4-2D8AB076A49A}"
EndProject
Project("{8BC9CEB8-8B4A-11D0-8D11-00A0C91BC942}") = "advanced_opengl_asteroids", "advanced_opengl_asteroids\advanced_opengl_asteroids.vcxproj", "{3DFA98F0-B519-40BC-A48B-6129D01F4F88}"
EndProject
Project("{8BC9CEB8-8B4A-11D0-8D11-00A0C91BC942}") = "advanced_opengl_anti_aliasing_msaa", "advanced_opengl_anti_aliasing_msaa\advanced_opengl_anti_aliasing_msaa.vcxproj", "{DC3E8966-D7FE-439F-8C38-A4BCEC27BD21}"
EndProject
Project("{8BC9CEB8-8B4A-11D0-8D11-00A0C91BC942}") = "advanced_opengl_anti_aliasing_offscreen", "advanced_opengl_anti_aliasing_offscreen\advanced_opengl_anti_aliasing_offscreen.vcxproj", "{60AA01E0-B350-475E-90ED-08036ADDB393}"
EndProject
Project("{8BC9CEB8-8B4A-11D0-8D11-00A0C91BC942}") = "advanced_lighting_blinn_phong", "advanced_lighting_blinn_phong\advanced_lighting_blinn_phong.vcxproj", "{7E98B6A7-2FFD-4780-9949-4C9CDB230EBD}"
EndProject
Project("{8BC9CEB8-8B4A-11D0-8D11-00A0C91BC942}") = "advanced_lighting_gamma_correction", "advanced_lighting_gamma_correction\advanced_lighting_gamma_correction.vcxproj", "{5781CD2E-9982-48A4-A896-5401D542CA39}"
EndProject
Project("{8BC9CEB8-8B4A-11D0-8D11-00A0C91BC942}") = "advanced_lighting_shadow_mapping_depth", "advanced_lighting_shadow_mapping_depth\advanced_lighting_shadow_mapping_depth.vcxproj", "{D430B312-9C31-4615-9133-F2F9E2410D4E}"
EndProject
Project("{8BC9CEB8-8B4A-11D0-8D11-00A0C91BC942}") = "advanced_lighting_shadow_mapping", "advanced_lighting_shadow_mapping\advanced_lighting_shadow_mapping.vcxproj", "{DD77B503-BA80-4562-B9CB-252F63C4B637}"
EndProject
Project("{8BC9CEB8-8B4A-11D0-8D11-00A0C91BC942}") = "getting_started_textures", "getting_started_textures\getting_started_textures.vcxproj", "{F736CC9C-8B35-4DDE-A1AE-A97C44EDAA51}"
EndProject
Project("{8BC9CEB8-8B4A-11D0-8D11-00A0C91BC942}") = "advanced_lighting_point_shadows", "advanced_lighting_point_shadows\advanced_lighting_point_shadows.vcxproj", "{A2FB385C-2B9A-401D-BEB4-EF8D4C98641F}"
EndProject
Project("{8BC9CEB8-8B4A-11D0-8D11-00A0C91BC942}") = "advanced_lighting_normal_mapping", "advanced_lighting_normal_mapping\advanced_lighting_normal_mapping.vcxproj", "{6529EA3B-CE99-45E8-9BA6-1D06E6115E10}"
EndProject
Project("{8BC9CEB8-8B4A-11D0-8D11-00A0C91BC942}") = "advanced_lighting_parallax_mapping", "advanced_lighting_parallax_mapping\advanced_lighting_parallax_mapping.vcxproj", "{E9C64909-CC36-4D61-B84D-16921431B907}"
EndProject
Global
	GlobalSection(SolutionConfigurationPlatforms) = preSolution
		Debug|Win32 = Debug|Win32
		Release|Win32 = Release|Win32
	EndGlobalSection
	GlobalSection(ProjectConfigurationPlatforms) = postSolution
		{C882C961-CD7E-40B4-8854-70727D4F777C}.Debug|Win32.ActiveCfg = Debug|Win32
		{C882C961-CD7E-40B4-8854-70727D4F777C}.Debug|Win32.Build.0 = Debug|Win32
		{C882C961-CD7E-40B4-8854-70727D4F777C}.Release|Win32.ActiveCfg = Release|Win32
		{C882C961-CD7E-40B4-8854-70727D4F777C}.Release|Win32.Build.0 = Release|Win32
		{33630455-77C9-4B3C-926B-A392A55768C2}.Debug|Win32.ActiveCfg = Debug|Win32
		{33630455-77C9-4B3C-926B-A392A55768C2}.Debug|Win32.Build.0 = Debug|Win32
		{33630455-77C9-4B3C-926B-A392A55768C2}.Release|Win32.ActiveCfg = Release|Win32
		{33630455-77C9-4B3C-926B-A392A55768C2}.Release|Win32.Build.0 = Release|Win32
		{222800D7-DA8E-4871-819D-F818384EE118}.Debug|Win32.ActiveCfg = Debug|Win32
		{222800D7-DA8E-4871-819D-F818384EE118}.Debug|Win32.Build.0 = Debug|Win32
		{222800D7-DA8E-4871-819D-F818384EE118}.Release|Win32.ActiveCfg = Release|Win32
		{222800D7-DA8E-4871-819D-F818384EE118}.Release|Win32.Build.0 = Release|Win32
		{FC5B3157-F498-41F4-AFF6-93AF865D8234}.Debug|Win32.ActiveCfg = Debug|Win32
		{FC5B3157-F498-41F4-AFF6-93AF865D8234}.Debug|Win32.Build.0 = Debug|Win32
		{FC5B3157-F498-41F4-AFF6-93AF865D8234}.Release|Win32.ActiveCfg = Release|Win32
		{FC5B3157-F498-41F4-AFF6-93AF865D8234}.Release|Win32.Build.0 = Release|Win32
		{F38D2F05-0C2D-459B-A2B7-71FBAE53E842}.Debug|Win32.ActiveCfg = Debug|Win32
		{F38D2F05-0C2D-459B-A2B7-71FBAE53E842}.Debug|Win32.Build.0 = Debug|Win32
		{F38D2F05-0C2D-459B-A2B7-71FBAE53E842}.Release|Win32.ActiveCfg = Release|Win32
		{F38D2F05-0C2D-459B-A2B7-71FBAE53E842}.Release|Win32.Build.0 = Release|Win32
		{8AA02388-47B5-4DDE-9F86-0D81672CF694}.Debug|Win32.ActiveCfg = Debug|Win32
		{8AA02388-47B5-4DDE-9F86-0D81672CF694}.Debug|Win32.Build.0 = Debug|Win32
		{8AA02388-47B5-4DDE-9F86-0D81672CF694}.Release|Win32.ActiveCfg = Release|Win32
		{8AA02388-47B5-4DDE-9F86-0D81672CF694}.Release|Win32.Build.0 = Release|Win32
		{A4F5914B-23AD-4682-8343-5DD510693E3A}.Debug|Win32.ActiveCfg = Debug|Win32
		{A4F5914B-23AD-4682-8343-5DD510693E3A}.Debug|Win32.Build.0 = Debug|Win32
		{A4F5914B-23AD-4682-8343-5DD510693E3A}.Release|Win32.ActiveCfg = Release|Win32
		{A4F5914B-23AD-4682-8343-5DD510693E3A}.Release|Win32.Build.0 = Release|Win32
		{6E8F066D-1BAA-49C5-B7ED-795E9D1DAE81}.Debug|Win32.ActiveCfg = Debug|Win32
		{6E8F066D-1BAA-49C5-B7ED-795E9D1DAE81}.Debug|Win32.Build.0 = Debug|Win32
		{6E8F066D-1BAA-49C5-B7ED-795E9D1DAE81}.Release|Win32.ActiveCfg = Release|Win32
		{6E8F066D-1BAA-49C5-B7ED-795E9D1DAE81}.Release|Win32.Build.0 = Release|Win32
		{C188783E-A7CC-46AA-862D-17A67A186FF9}.Debug|Win32.ActiveCfg = Debug|Win32
		{C188783E-A7CC-46AA-862D-17A67A186FF9}.Debug|Win32.Build.0 = Debug|Win32
		{C188783E-A7CC-46AA-862D-17A67A186FF9}.Release|Win32.ActiveCfg = Release|Win32
		{C188783E-A7CC-46AA-862D-17A67A186FF9}.Release|Win32.Build.0 = Release|Win32
		{F5CB8D43-B48C-4C4D-AA18-7717738CE5BC}.Debug|Win32.ActiveCfg = Debug|Win32
		{F5CB8D43-B48C-4C4D-AA18-7717738CE5BC}.Debug|Win32.Build.0 = Debug|Win32
		{F5CB8D43-B48C-4C4D-AA18-7717738CE5BC}.Release|Win32.ActiveCfg = Release|Win32
		{F5CB8D43-B48C-4C4D-AA18-7717738CE5BC}.Release|Win32.Build.0 = Release|Win32
		{83CF075D-C650-41B3-8784-28125D59F6E0}.Debug|Win32.ActiveCfg = Debug|Win32
		{83CF075D-C650-41B3-8784-28125D59F6E0}.Debug|Win32.Build.0 = Debug|Win32
		{83CF075D-C650-41B3-8784-28125D59F6E0}.Release|Win32.ActiveCfg = Release|Win32
		{83CF075D-C650-41B3-8784-28125D59F6E0}.Release|Win32.Build.0 = Release|Win32
		{1480D176-133F-4CA2-ADBD-EF5A009691EE}.Debug|Win32.ActiveCfg = Debug|Win32
		{1480D176-133F-4CA2-ADBD-EF5A009691EE}.Debug|Win32.Build.0 = Debug|Win32
		{1480D176-133F-4CA2-ADBD-EF5A009691EE}.Release|Win32.ActiveCfg = Release|Win32
		{1480D176-133F-4CA2-ADBD-EF5A009691EE}.Release|Win32.Build.0 = Release|Win32
		{ADB807FB-160F-4E3E-900B-681BFD375D49}.Debug|Win32.ActiveCfg = Debug|Win32
		{ADB807FB-160F-4E3E-900B-681BFD375D49}.Debug|Win32.Build.0 = Debug|Win32
		{ADB807FB-160F-4E3E-900B-681BFD375D49}.Release|Win32.ActiveCfg = Release|Win32
		{ADB807FB-160F-4E3E-900B-681BFD375D49}.Release|Win32.Build.0 = Release|Win32
		{FC51876D-3557-4270-92F9-8B102D7B5901}.Debug|Win32.ActiveCfg = Debug|Win32
		{FC51876D-3557-4270-92F9-8B102D7B5901}.Debug|Win32.Build.0 = Debug|Win32
		{FC51876D-3557-4270-92F9-8B102D7B5901}.Release|Win32.ActiveCfg = Release|Win32
		{FC51876D-3557-4270-92F9-8B102D7B5901}.Release|Win32.Build.0 = Release|Win32
		{CB9D9AFB-179A-4977-8478-6D9868D9617B}.Debug|Win32.ActiveCfg = Debug|Win32
		{CB9D9AFB-179A-4977-8478-6D9868D9617B}.Debug|Win32.Build.0 = Debug|Win32
		{CB9D9AFB-179A-4977-8478-6D9868D9617B}.Release|Win32.ActiveCfg = Release|Win32
		{CB9D9AFB-179A-4977-8478-6D9868D9617B}.Release|Win32.Build.0 = Release|Win32
		{D42480D9-957C-4E16-9F92-248CA89C25E1}.Debug|Win32.ActiveCfg = Debug|Win32
		{D42480D9-957C-4E16-9F92-248CA89C25E1}.Debug|Win32.Build.0 = Debug|Win32
		{D42480D9-957C-4E16-9F92-248CA89C25E1}.Release|Win32.ActiveCfg = Release|Win32
		{D42480D9-957C-4E16-9F92-248CA89C25E1}.Release|Win32.Build.0 = Release|Win32
		{5B44A48D-2C9D-48D0-8841-974EDB9D1988}.Debug|Win32.ActiveCfg = Debug|Win32
		{5B44A48D-2C9D-48D0-8841-974EDB9D1988}.Debug|Win32.Build.0 = Debug|Win32
		{5B44A48D-2C9D-48D0-8841-974EDB9D1988}.Release|Win32.ActiveCfg = Release|Win32
		{5B44A48D-2C9D-48D0-8841-974EDB9D1988}.Release|Win32.Build.0 = Release|Win32
		{04040BF4-AB72-48DA-AE1A-D7ED402CA6BD}.Debug|Win32.ActiveCfg = Debug|Win32
		{04040BF4-AB72-48DA-AE1A-D7ED402CA6BD}.Debug|Win32.Build.0 = Debug|Win32
		{04040BF4-AB72-48DA-AE1A-D7ED402CA6BD}.Release|Win32.ActiveCfg = Release|Win32
		{04040BF4-AB72-48DA-AE1A-D7ED402CA6BD}.Release|Win32.Build.0 = Release|Win32
		{F5D0B446-2655-45CE-89C4-2D8AB076A49A}.Debug|Win32.ActiveCfg = Debug|Win32
		{F5D0B446-2655-45CE-89C4-2D8AB076A49A}.Debug|Win32.Build.0 = Debug|Win32
		{F5D0B446-2655-45CE-89C4-2D8AB076A49A}.Release|Win32.ActiveCfg = Release|Win32
		{F5D0B446-2655-45CE-89C4-2D8AB076A49A}.Release|Win32.Build.0 = Release|Win32
		{3DFA98F0-B519-40BC-A48B-6129D01F4F88}.Debug|Win32.ActiveCfg = Debug|Win32
		{3DFA98F0-B519-40BC-A48B-6129D01F4F88}.Debug|Win32.Build.0 = Debug|Win32
		{3DFA98F0-B519-40BC-A48B-6129D01F4F88}.Release|Win32.ActiveCfg = Release|Win32
		{3DFA98F0-B519-40BC-A48B-6129D01F4F88}.Release|Win32.Build.0 = Release|Win32
		{DC3E8966-D7FE-439F-8C38-A4BCEC27BD21}.Debug|Win32.ActiveCfg = Debug|Win32
		{DC3E8966-D7FE-439F-8C38-A4BCEC27BD21}.Debug|Win32.Build.0 = Debug|Win32
		{DC3E8966-D7FE-439F-8C38-A4BCEC27BD21}.Release|Win32.ActiveCfg = Release|Win32
		{DC3E8966-D7FE-439F-8C38-A4BCEC27BD21}.Release|Win32.Build.0 = Release|Win32
		{60AA01E0-B350-475E-90ED-08036ADDB393}.Debug|Win32.ActiveCfg = Debug|Win32
		{60AA01E0-B350-475E-90ED-08036ADDB393}.Debug|Win32.Build.0 = Debug|Win32
		{60AA01E0-B350-475E-90ED-08036ADDB393}.Release|Win32.ActiveCfg = Release|Win32
		{60AA01E0-B350-475E-90ED-08036ADDB393}.Release|Win32.Build.0 = Release|Win32
		{7E98B6A7-2FFD-4780-9949-4C9CDB230EBD}.Debug|Win32.ActiveCfg = Debug|Win32
		{7E98B6A7-2FFD-4780-9949-4C9CDB230EBD}.Debug|Win32.Build.0 = Debug|Win32
		{7E98B6A7-2FFD-4780-9949-4C9CDB230EBD}.Release|Win32.ActiveCfg = Release|Win32
		{7E98B6A7-2FFD-4780-9949-4C9CDB230EBD}.Release|Win32.Build.0 = Release|Win32
		{5781CD2E-9982-48A4-A896-5401D542CA39}.Debug|Win32.ActiveCfg = Debug|Win32
		{5781CD2E-9982-48A4-A896-5401D542CA39}.Debug|Win32.Build.0 = Debug|Win32
		{5781CD2E-9982-48A4-A896-5401D542CA39}.Release|Win32.ActiveCfg = Release|Win32
		{5781CD2E-9982-48A4-A896-5401D542CA39}.Release|Win32.Build.0 = Release|Win32
		{D430B312-9C31-4615-9133-F2F9E2410D4E}.Debug|Win32.ActiveCfg = Debug|Win32
		{D430B312-9C31-4615-9133-F2F9E2410D4E}.Debug|Win32.Build.0 = Debug|Win32
		{D430B312-9C31-4615-9133-F2F9E2410D4E}.Release|Win32.ActiveCfg = Release|Win32
		{D430B312-9C31-4615-9133-F2F9E2410D4E}.Release|Win32.Build.0 = Release|Win32
		{DD77B503-BA80-4562-B9CB-252F63C4B637}.Debug|Win32.ActiveCfg = Debug|Win32
		{DD77B503-BA80-4562-B9CB-252F63C4B637}.Debug|Win32.Build.0 = Debug|Win32
		{DD77B503-BA80-4562-B9CB-252F63C4B637}.Release|Win32.ActiveCfg = Release|Win32
		{DD77B503-BA80-4562-B9CB-252F63C4B637}.Release|Win32.Build.0 = Release|Win32
		{F736CC9C-8B35-4DDE-A1AE-A97C44EDAA51}.Debug|Win32.ActiveCfg = Debug|Win32
		{F736CC9C-8B35-4DDE-A1AE-A97C44EDAA51}.Debug|Win32.Build.0 = Debug|Win32
		{F736CC9C-8B35-4DDE-A1AE-A97C44EDAA51}.Release|Win32.ActiveCfg = Release|Win32
		{F736CC9C-8B35-4DDE-A1AE-A97C44EDAA51}.Release|Win32.Build.0 = Release|Win32
		{A2FB385C-2B9A-401D-BEB4-EF8D4C98641F}.Debug|Win32.ActiveCfg = Debug|Win32
		{A2FB385C-2B9A-401D-BEB4-EF8D4C98641F}.Debug|Win32.Build.0 = Debug|Win32
		{A2FB385C-2B9A-401D-BEB4-EF8D4C98641F}.Release|Win32.ActiveCfg = Release|Win32
		{A2FB385C-2B9A-401D-BEB4-EF8D4C98641F}.Release|Win32.Build.0 = Release|Win32
		{6529EA3B-CE99-45E8-9BA6-1D06E6115E10}.Debug|Win32.ActiveCfg = Debug|Win32
		{6529EA3B-CE99-45E8-9BA6-1D06E6115E10}.Debug|Win32.Build.0 = Debug|Win32
		{6529EA3B-CE99-45E8-9BA6-1D06E6115E10}.Release|Win32.ActiveCfg = Release|Win32
		{6529EA3B-CE99-45E8-9BA6-1D06E6115E10}.Release|Win32.Build.0 = Release|Win32
		{E9C64909-CC36-4D61-B84D-16921431B907}.Debug|Win32.ActiveCfg = Debug|Win32
		{E9C64909-CC36-4D61-B84D-16921431B907}.Debug|Win32.Build.0 = Debug|Win32
		{E9C64909-CC36-4D61-B84D-16921431B907}.Release|Win32.ActiveCfg = Release|Win32
		{E9C64909-CC36-4D61-B84D-16921431B907}.Release|Win32.Build.0 = Release|Win32
	EndGlobalSection
	GlobalSection(SolutionProperties) = preSolution
		HideSolutionNode = FALSE
	EndGlobalSection
	GlobalSection(ExtensibilityGlobals) = postSolution
		SolutionGuid = {E0870BE6-4E59-4311-A1A1-F9A69E346EA7}
	EndGlobalSection
EndGlobal
